
Microsoft Visual Studio Solution File, Format Version 12.00
# Visual Studio Version 16
VisualStudioVersion = 16.0.30907.101
MinimumVisualStudioVersion = 10.0.40219.1
Project("{FAE04EC0-301F-11D3-BF4B-00C04F79EFBC}") = "ImageTransformer", "ImageTransformer\ImageTransformer.csproj", "{F566E40D-899D-4F7F-B962-96D5F699C1CF}"
EndProject
Global
	GlobalSection(SolutionConfigurationPlatforms) = preSolution
		Debug|Any CPU = Debug|Any CPU
		Release|Any CPU = Release|Any CPU
	EndGlobalSection
	GlobalSection(ProjectConfigurationPlatforms) = postSolution
		{F566E40D-899D-4F7F-B962-96D5F699C1CF}.Debug|Any CPU.ActiveCfg = Debug|Any CPU
		{F566E40D-899D-4F7F-B962-96D5F699C1CF}.Debug|Any CPU.Build.0 = Debug|Any CPU
		{F566E40D-899D-4F7F-B962-96D5F699C1CF}.Release|Any CPU.ActiveCfg = Release|Any CPU
		{F566E40D-899D-4F7F-B962-96D5F699C1CF}.Release|Any CPU.Build.0 = Release|Any CPU
	EndGlobalSection
	GlobalSection(SolutionProperties) = preSolution
		HideSolutionNode = FALSE
	EndGlobalSection
	GlobalSection(ExtensibilityGlobals) = postSolution
		SolutionGuid = {286288B9-990E-463B-A4A8-1571D4EC3381}
	EndGlobalSection
EndGlobal
